// !$*UTF8*$!
{
	archiveVersion = 1;
	classes = {
	};
	objectVersion = 55;
	objects = {

/* Begin PBXBuildFile section */
		09110558277A3EC6001DABC3 /* AppDelegate.swift in Sources */ = {isa = PBXBuildFile; fileRef = 09110557277A3EC6001DABC3 /* AppDelegate.swift */; };
		0911055A277A3EC6001DABC3 /* SceneDelegate.swift in Sources */ = {isa = PBXBuildFile; fileRef = 09110559277A3EC6001DABC3 /* SceneDelegate.swift */; };
		0911055C277A3EC6001DABC3 /* ViewController.swift in Sources */ = {isa = PBXBuildFile; fileRef = 0911055B277A3EC6001DABC3 /* ViewController.swift */; };
		0911055F277A3EC6001DABC3 /* Main.storyboard in Resources */ = {isa = PBXBuildFile; fileRef = 0911055D277A3EC6001DABC3 /* Main.storyboard */; };
		09110561277A3EC9001DABC3 /* Assets.xcassets in Resources */ = {isa = PBXBuildFile; fileRef = 09110560277A3EC9001DABC3 /* Assets.xcassets */; };
		09110564277A3ECA001DABC3 /* LaunchScreen.storyboard in Resources */ = {isa = PBXBuildFile; fileRef = 09110562277A3ECA001DABC3 /* LaunchScreen.storyboard */; };
		0911056F277A3ECB001DABC3 /* CoinsAppTests.swift in Sources */ = {isa = PBXBuildFile; fileRef = 0911056E277A3ECB001DABC3 /* CoinsAppTests.swift */; };
		09110579277A3ECB001DABC3 /* CoinsAppUITests.swift in Sources */ = {isa = PBXBuildFile; fileRef = 09110578277A3ECB001DABC3 /* CoinsAppUITests.swift */; };
		0911057B277A3ECB001DABC3 /* CoinsAppUITestsLaunchTests.swift in Sources */ = {isa = PBXBuildFile; fileRef = 0911057A277A3ECB001DABC3 /* CoinsAppUITestsLaunchTests.swift */; };
/* End PBXBuildFile section */

/* Begin PBXContainerItemProxy section */
		0911056B277A3ECA001DABC3 /* PBXContainerItemProxy */ = {
			isa = PBXContainerItemProxy;
			containerPortal = 0911054C277A3EC5001DABC3 /* Project object */;
			proxyType = 1;
			remoteGlobalIDString = 09110553277A3EC5001DABC3;
			remoteInfo = CoinsApp;
		};
		09110575277A3ECB001DABC3 /* PBXContainerItemProxy */ = {
			isa = PBXContainerItemProxy;
			containerPortal = 0911054C277A3EC5001DABC3 /* Project object */;
			proxyType = 1;
			remoteGlobalIDString = 09110553277A3EC5001DABC3;
			remoteInfo = CoinsApp;
		};
/* End PBXContainerItemProxy section */

/* Begin PBXFileReference section */
		09110554277A3EC6001DABC3 /* CoinsApp.app */ = {isa = PBXFileReference; explicitFileType = wrapper.application; includeInIndex = 0; path = CoinsApp.app; sourceTree = BUILT_PRODUCTS_DIR; };
		09110557277A3EC6001DABC3 /* AppDelegate.swift */ = {isa = PBXFileReference; lastKnownFileType = sourcecode.swift; path = AppDelegate.swift; sourceTree = "<group>"; };
		09110559277A3EC6001DABC3 /* SceneDelegate.swift */ = {isa = PBXFileReference; lastKnownFileType = sourcecode.swift; path = SceneDelegate.swift; sourceTree = "<group>"; };
		0911055B277A3EC6001DABC3 /* ViewController.swift */ = {isa = PBXFileReference; lastKnownFileType = sourcecode.swift; path = ViewController.swift; sourceTree = "<group>"; };
		0911055E277A3EC6001DABC3 /* Base */ = {isa = PBXFileReference; lastKnownFileType = file.storyboard; name = Base; path = Base.lproj/Main.storyboard; sourceTree = "<group>"; };
		09110560277A3EC9001DABC3 /* Assets.xcassets */ = {isa = PBXFileReference; lastKnownFileType = folder.assetcatalog; path = Assets.xcassets; sourceTree = "<group>"; };
		09110563277A3ECA001DABC3 /* Base */ = {isa = PBXFileReference; lastKnownFileType = file.storyboard; name = Base; path = Base.lproj/LaunchScreen.storyboard; sourceTree = "<group>"; };
		09110565277A3ECA001DABC3 /* Info.plist */ = {isa = PBXFileReference; lastKnownFileType = text.plist.xml; path = Info.plist; sourceTree = "<group>"; };
		0911056A277A3ECA001DABC3 /* CoinsAppTests.xctest */ = {isa = PBXFileReference; explicitFileType = wrapper.cfbundle; includeInIndex = 0; path = CoinsAppTests.xctest; sourceTree = BUILT_PRODUCTS_DIR; };
		0911056E277A3ECB001DABC3 /* CoinsAppTests.swift */ = {isa = PBXFileReference; lastKnownFileType = sourcecode.swift; path = CoinsAppTests.swift; sourceTree = "<group>"; };
		09110574277A3ECB001DABC3 /* CoinsAppUITests.xctest */ = {isa = PBXFileReference; explicitFileType = wrapper.cfbundle; includeInIndex = 0; path = CoinsAppUITests.xctest; sourceTree = BUILT_PRODUCTS_DIR; };
		09110578277A3ECB001DABC3 /* CoinsAppUITests.swift */ = {isa = PBXFileReference; lastKnownFileType = sourcecode.swift; path = CoinsAppUITests.swift; sourceTree = "<group>"; };
		0911057A277A3ECB001DABC3 /* CoinsAppUITestsLaunchTests.swift */ = {isa = PBXFileReference; lastKnownFileType = sourcecode.swift; path = CoinsAppUITestsLaunchTests.swift; sourceTree = "<group>"; };
/* End PBXFileReference section */

/* Begin PBXFrameworksBuildPhase section */
		09110551277A3EC5001DABC3 /* Frameworks */ = {
			isa = PBXFrameworksBuildPhase;
			buildActionMask = 2147483647;
			files = (
			);
			runOnlyForDeploymentPostprocessing = 0;
		};
		09110567277A3ECA001DABC3 /* Frameworks */ = {
			isa = PBXFrameworksBuildPhase;
			buildActionMask = 2147483647;
			files = (
			);
			runOnlyForDeploymentPostprocessing = 0;
		};
		09110571277A3ECB001DABC3 /* Frameworks */ = {
			isa = PBXFrameworksBuildPhase;
			buildActionMask = 2147483647;
			files = (
			);
			runOnlyForDeploymentPostprocessing = 0;
		};
/* End PBXFrameworksBuildPhase section */

/* Begin PBXGroup section */
		0911054B277A3EC5001DABC3 = {
			isa = PBXGroup;
			children = (
				09110556277A3EC6001DABC3 /* CoinsApp */,
				0911056D277A3ECA001DABC3 /* CoinsAppTests */,
				09110577277A3ECB001DABC3 /* CoinsAppUITests */,
				09110555277A3EC6001DABC3 /* Products */,
			);
			sourceTree = "<group>";
		};
		09110555277A3EC6001DABC3 /* Products */ = {
			isa = PBXGroup;
			children = (
				09110554277A3EC6001DABC3 /* CoinsApp.app */,
				0911056A277A3ECA001DABC3 /* CoinsAppTests.xctest */,
				09110574277A3ECB001DABC3 /* CoinsAppUITests.xctest */,
			);
			name = Products;
			sourceTree = "<group>";
		};
		09110556277A3EC6001DABC3 /* CoinsApp */ = {
			isa = PBXGroup;
			children = (
				09110557277A3EC6001DABC3 /* AppDelegate.swift */,
				09110559277A3EC6001DABC3 /* SceneDelegate.swift */,
				0911055B277A3EC6001DABC3 /* ViewController.swift */,
				0911055D277A3EC6001DABC3 /* Main.storyboard */,
				09110560277A3EC9001DABC3 /* Assets.xcassets */,
				09110562277A3ECA001DABC3 /* LaunchScreen.storyboard */,
				09110565277A3ECA001DABC3 /* Info.plist */,
			);
			path = CoinsApp;
			sourceTree = "<group>";
		};
		0911056D277A3ECA001DABC3 /* CoinsAppTests */ = {
			isa = PBXGroup;
			children = (
				0911056E277A3ECB001DABC3 /* CoinsAppTests.swift */,
			);
			path = CoinsAppTests;
			sourceTree = "<group>";
		};
		09110577277A3ECB001DABC3 /* CoinsAppUITests */ = {
			isa = PBXGroup;
			children = (
				09110578277A3ECB001DABC3 /* CoinsAppUITests.swift */,
				0911057A277A3ECB001DABC3 /* CoinsAppUITestsLaunchTests.swift */,
			);
			path = CoinsAppUITests;
			sourceTree = "<group>";
		};
/* End PBXGroup section */

/* Begin PBXNativeTarget section */
		09110553277A3EC5001DABC3 /* CoinsApp */ = {
			isa = PBXNativeTarget;
			buildConfigurationList = 0911057E277A3ECB001DABC3 /* Build configuration list for PBXNativeTarget "CoinsApp" */;
			buildPhases = (
				09110550277A3EC5001DABC3 /* Sources */,
				09110551277A3EC5001DABC3 /* Frameworks */,
				09110552277A3EC5001DABC3 /* Resources */,
			);
			buildRules = (
			);
			dependencies = (
			);
			name = CoinsApp;
			productName = CoinsApp;
			productReference = 09110554277A3EC6001DABC3 /* CoinsApp.app */;
			productType = "com.apple.product-type.application";
		};
		09110569277A3ECA001DABC3 /* CoinsAppTests */ = {
			isa = PBXNativeTarget;
			buildConfigurationList = 09110581277A3ECB001DABC3 /* Build configuration list for PBXNativeTarget "CoinsAppTests" */;
			buildPhases = (
				09110566277A3ECA001DABC3 /* Sources */,
				09110567277A3ECA001DABC3 /* Frameworks */,
				09110568277A3ECA001DABC3 /* Resources */,
			);
			buildRules = (
			);
			dependencies = (
				0911056C277A3ECA001DABC3 /* PBXTargetDependency */,
			);
			name = CoinsAppTests;
			productName = CoinsAppTests;
			productReference = 0911056A277A3ECA001DABC3 /* CoinsAppTests.xctest */;
			productType = "com.apple.product-type.bundle.unit-test";
		};
		09110573277A3ECB001DABC3 /* CoinsAppUITests */ = {
			isa = PBXNativeTarget;
			buildConfigurationList = 09110584277A3ECB001DABC3 /* Build configuration list for PBXNativeTarget "CoinsAppUITests" */;
			buildPhases = (
				09110570277A3ECB001DABC3 /* Sources */,
				09110571277A3ECB001DABC3 /* Frameworks */,
				09110572277A3ECB001DABC3 /* Resources */,
			);
			buildRules = (
			);
			dependencies = (
				09110576277A3ECB001DABC3 /* PBXTargetDependency */,
			);
			name = CoinsAppUITests;
			productName = CoinsAppUITests;
			productReference = 09110574277A3ECB001DABC3 /* CoinsAppUITests.xctest */;
			productType = "com.apple.product-type.bundle.ui-testing";
		};
/* End PBXNativeTarget section */

/* Begin PBXProject section */
		0911054C277A3EC5001DABC3 /* Project object */ = {
			isa = PBXProject;
			attributes = {
				BuildIndependentTargetsInParallel = 1;
				LastSwiftUpdateCheck = 1310;
				LastUpgradeCheck = 1310;
				TargetAttributes = {
					09110553277A3EC5001DABC3 = {
						CreatedOnToolsVersion = 13.1;
					};
					09110569277A3ECA001DABC3 = {
						CreatedOnToolsVersion = 13.1;
						TestTargetID = 09110553277A3EC5001DABC3;
					};
					09110573277A3ECB001DABC3 = {
						CreatedOnToolsVersion = 13.1;
						TestTargetID = 09110553277A3EC5001DABC3;
					};
				};
			};
			buildConfigurationList = 0911054F277A3EC5001DABC3 /* Build configuration list for PBXProject "CoinsApp" */;
			compatibilityVersion = "Xcode 13.0";
			developmentRegion = en;
			hasScannedForEncodings = 0;
			knownRegions = (
				en,
				Base,
			);
			mainGroup = 0911054B277A3EC5001DABC3;
			productRefGroup = 09110555277A3EC6001DABC3 /* Products */;
			projectDirPath = "";
			projectRoot = "";
			targets = (
				09110553277A3EC5001DABC3 /* CoinsApp */,
				09110569277A3ECA001DABC3 /* CoinsAppTests */,
				09110573277A3ECB001DABC3 /* CoinsAppUITests */,
			);
		};
/* End PBXProject section */

/* Begin PBXResourcesBuildPhase section */
		09110552277A3EC5001DABC3 /* Resources */ = {
			isa = PBXResourcesBuildPhase;
			buildActionMask = 2147483647;
			files = (
				09110564277A3ECA001DABC3 /* LaunchScreen.storyboard in Resources */,
				09110561277A3EC9001DABC3 /* Assets.xcassets in Resources */,
				0911055F277A3EC6001DABC3 /* Main.storyboard in Resources */,
			);
			runOnlyForDeploymentPostprocessing = 0;
		};
		09110568277A3ECA001DABC3 /* Resources */ = {
			isa = PBXResourcesBuildPhase;
			buildActionMask = 2147483647;
			files = (
			);
			runOnlyForDeploymentPostprocessing = 0;
		};
		09110572277A3ECB001DABC3 /* Resources */ = {
			isa = PBXResourcesBuildPhase;
			buildActionMask = 2147483647;
			files = (
			);
			runOnlyForDeploymentPostprocessing = 0;
		};
/* End PBXResourcesBuildPhase section */

/* Begin PBXSourcesBuildPhase section */
		09110550277A3EC5001DABC3 /* Sources */ = {
			isa = PBXSourcesBuildPhase;
			buildActionMask = 2147483647;
			files = (
				0911055C277A3EC6001DABC3 /* ViewController.swift in Sources */,
				09110558277A3EC6001DABC3 /* AppDelegate.swift in Sources */,
				0911055A277A3EC6001DABC3 /* SceneDelegate.swift in Sources */,
			);
			runOnlyForDeploymentPostprocessing = 0;
		};
		09110566277A3ECA001DABC3 /* Sources */ = {
			isa = PBXSourcesBuildPhase;
			buildActionMask = 2147483647;
			files = (
				0911056F277A3ECB001DABC3 /* CoinsAppTests.swift in Sources */,
			);
			runOnlyForDeploymentPostprocessing = 0;
		};
		09110570277A3ECB001DABC3 /* Sources */ = {
			isa = PBXSourcesBuildPhase;
			buildActionMask = 2147483647;
			files = (
				0911057B277A3ECB001DABC3 /* CoinsAppUITestsLaunchTests.swift in Sources */,
				09110579277A3ECB001DABC3 /* CoinsAppUITests.swift in Sources */,
			);
			runOnlyForDeploymentPostprocessing = 0;
		};
/* End PBXSourcesBuildPhase section */

/* Begin PBXTargetDependency section */
		0911056C277A3ECA001DABC3 /* PBXTargetDependency */ = {
			isa = PBXTargetDependency;
			target = 09110553277A3EC5001DABC3 /* CoinsApp */;
			targetProxy = 0911056B277A3ECA001DABC3 /* PBXContainerItemProxy */;
		};
		09110576277A3ECB001DABC3 /* PBXTargetDependency */ = {
			isa = PBXTargetDependency;
			target = 09110553277A3EC5001DABC3 /* CoinsApp */;
			targetProxy = 09110575277A3ECB001DABC3 /* PBXContainerItemProxy */;
		};
/* End PBXTargetDependency section */

/* Begin PBXVariantGroup section */
		0911055D277A3EC6001DABC3 /* Main.storyboard */ = {
			isa = PBXVariantGroup;
			children = (
				0911055E277A3EC6001DABC3 /* Base */,
			);
			name = Main.storyboard;
			sourceTree = "<group>";
		};
		09110562277A3ECA001DABC3 /* LaunchScreen.storyboard */ = {
			isa = PBXVariantGroup;
			children = (
				09110563277A3ECA001DABC3 /* Base */,
			);
			name = LaunchScreen.storyboard;
			sourceTree = "<group>";
		};
/* End PBXVariantGroup section */

/* Begin XCBuildConfiguration section */
		0911057C277A3ECB001DABC3 /* Debug */ = {
			isa = XCBuildConfiguration;
			buildSettings = {
				ALWAYS_SEARCH_USER_PATHS = NO;
				CLANG_ANALYZER_NONNULL = YES;
				CLANG_ANALYZER_NUMBER_OBJECT_CONVERSION = YES_AGGRESSIVE;
				CLANG_CXX_LANGUAGE_STANDARD = "gnu++17";
				CLANG_CXX_LIBRARY = "libc++";
				CLANG_ENABLE_MODULES = YES;
				CLANG_ENABLE_OBJC_ARC = YES;
				CLANG_ENABLE_OBJC_WEAK = YES;
				CLANG_WARN_BLOCK_CAPTURE_AUTORELEASING = YES;
				CLANG_WARN_BOOL_CONVERSION = YES;
				CLANG_WARN_COMMA = YES;
				CLANG_WARN_CONSTANT_CONVERSION = YES;
				CLANG_WARN_DEPRECATED_OBJC_IMPLEMENTATIONS = YES;
				CLANG_WARN_DIRECT_OBJC_ISA_USAGE = YES_ERROR;
				CLANG_WARN_DOCUMENTATION_COMMENTS = YES;
				CLANG_WARN_EMPTY_BODY = YES;
				CLANG_WARN_ENUM_CONVERSION = YES;
				CLANG_WARN_INFINITE_RECURSION = YES;
				CLANG_WARN_INT_CONVERSION = YES;
				CLANG_WARN_NON_LITERAL_NULL_CONVERSION = YES;
				CLANG_WARN_OBJC_IMPLICIT_RETAIN_SELF = YES;
				CLANG_WARN_OBJC_LITERAL_CONVERSION = YES;
				CLANG_WARN_OBJC_ROOT_CLASS = YES_ERROR;
				CLANG_WARN_QUOTED_INCLUDE_IN_FRAMEWORK_HEADER = YES;
				CLANG_WARN_RANGE_LOOP_ANALYSIS = YES;
				CLANG_WARN_STRICT_PROTOTYPES = YES;
				CLANG_WARN_SUSPICIOUS_MOVE = YES;
				CLANG_WARN_UNGUARDED_AVAILABILITY = YES_AGGRESSIVE;
				CLANG_WARN_UNREACHABLE_CODE = YES;
				CLANG_WARN__DUPLICATE_METHOD_MATCH = YES;
				COPY_PHASE_STRIP = NO;
				DEBUG_INFORMATION_FORMAT = dwarf;
				ENABLE_STRICT_OBJC_MSGSEND = YES;
				ENABLE_TESTABILITY = YES;
				GCC_C_LANGUAGE_STANDARD = gnu11;
				GCC_DYNAMIC_NO_PIC = NO;
				GCC_NO_COMMON_BLOCKS = YES;
				GCC_OPTIMIZATION_LEVEL = 0;
				GCC_PREPROCESSOR_DEFINITIONS = (
					"DEBUG=1",
					"$(inherited)",
				);
				GCC_WARN_64_TO_32_BIT_CONVERSION = YES;
				GCC_WARN_ABOUT_RETURN_TYPE = YES_ERROR;
				GCC_WARN_UNDECLARED_SELECTOR = YES;
				GCC_WARN_UNINITIALIZED_AUTOS = YES_AGGRESSIVE;
				GCC_WARN_UNUSED_FUNCTION = YES;
				GCC_WARN_UNUSED_VARIABLE = YES;
				IPHONEOS_DEPLOYMENT_TARGET = 15.0;
				MTL_ENABLE_DEBUG_INFO = INCLUDE_SOURCE;
				MTL_FAST_MATH = YES;
				ONLY_ACTIVE_ARCH = YES;
				SDKROOT = iphoneos;
				SWIFT_ACTIVE_COMPILATION_CONDITIONS = DEBUG;
				SWIFT_OPTIMIZATION_LEVEL = "-Onone";
			};
			name = Debug;
		};
		0911057D277A3ECB001DABC3 /* Release */ = {
			isa = XCBuildConfiguration;
			buildSettings = {
				ALWAYS_SEARCH_USER_PATHS = NO;
				CLANG_ANALYZER_NONNULL = YES;
				CLANG_ANALYZER_NUMBER_OBJECT_CONVERSION = YES_AGGRESSIVE;
				CLANG_CXX_LANGUAGE_STANDARD = "gnu++17";
				CLANG_CXX_LIBRARY = "libc++";
				CLANG_ENABLE_MODULES = YES;
				CLANG_ENABLE_OBJC_ARC = YES;
				CLANG_ENABLE_OBJC_WEAK = YES;
				CLANG_WARN_BLOCK_CAPTURE_AUTORELEASING = YES;
				CLANG_WARN_BOOL_CONVERSION = YES;
				CLANG_WARN_COMMA = YES;
				CLANG_WARN_CONSTANT_CONVERSION = YES;
				CLANG_WARN_DEPRECATED_OBJC_IMPLEMENTATIONS = YES;
				CLANG_WARN_DIRECT_OBJC_ISA_USAGE = YES_ERROR;
				CLANG_WARN_DOCUMENTATION_COMMENTS = YES;
				CLANG_WARN_EMPTY_BODY = YES;
				CLANG_WARN_ENUM_CONVERSION = YES;
				CLANG_WARN_INFINITE_RECURSION = YES;
				CLANG_WARN_INT_CONVERSION = YES;
				CLANG_WARN_NON_LITERAL_NULL_CONVERSION = YES;
				CLANG_WARN_OBJC_IMPLICIT_RETAIN_SELF = YES;
				CLANG_WARN_OBJC_LITERAL_CONVERSION = YES;
				CLANG_WARN_OBJC_ROOT_CLASS = YES_ERROR;
				CLANG_WARN_QUOTED_INCLUDE_IN_FRAMEWORK_HEADER = YES;
				CLANG_WARN_RANGE_LOOP_ANALYSIS = YES;
				CLANG_WARN_STRICT_PROTOTYPES = YES;
				CLANG_WARN_SUSPICIOUS_MOVE = YES;
				CLANG_WARN_UNGUARDED_AVAILABILITY = YES_AGGRESSIVE;
				CLANG_WARN_UNREACHABLE_CODE = YES;
				CLANG_WARN__DUPLICATE_METHOD_MATCH = YES;
				COPY_PHASE_STRIP = NO;
				DEBUG_INFORMATION_FORMAT = "dwarf-with-dsym";
				ENABLE_NS_ASSERTIONS = NO;
				ENABLE_STRICT_OBJC_MSGSEND = YES;
				GCC_C_LANGUAGE_STANDARD = gnu11;
				GCC_NO_COMMON_BLOCKS = YES;
				GCC_WARN_64_TO_32_BIT_CONVERSION = YES;
				GCC_WARN_ABOUT_RETURN_TYPE = YES_ERROR;
				GCC_WARN_UNDECLARED_SELECTOR = YES;
				GCC_WARN_UNINITIALIZED_AUTOS = YES_AGGRESSIVE;
				GCC_WARN_UNUSED_FUNCTION = YES;
				GCC_WARN_UNUSED_VARIABLE = YES;
				IPHONEOS_DEPLOYMENT_TARGET = 15.0;
				MTL_ENABLE_DEBUG_INFO = NO;
				MTL_FAST_MATH = YES;
				SDKROOT = iphoneos;
				SWIFT_COMPILATION_MODE = wholemodule;
				SWIFT_OPTIMIZATION_LEVEL = "-O";
				VALIDATE_PRODUCT = YES;
			};
			name = Release;
		};
		0911057F277A3ECB001DABC3 /* Debug */ = {
			isa = XCBuildConfiguration;
			buildSettings = {
				ASSETCATALOG_COMPILER_APPICON_NAME = AppIcon;
				ASSETCATALOG_COMPILER_GLOBAL_ACCENT_COLOR_NAME = AccentColor;
				CODE_SIGN_STYLE = Automatic;
				CURRENT_PROJECT_VERSION = 1;
				DEVELOPMENT_TEAM = 5WR73Q6863;
				GENERATE_INFOPLIST_FILE = YES;
				INFOPLIST_FILE = CoinsApp/Info.plist;
				INFOPLIST_KEY_UIApplicationSupportsIndirectInputEvents = YES;
				INFOPLIST_KEY_UILaunchStoryboardName = LaunchScreen;
				INFOPLIST_KEY_UIMainStoryboardFile = Main;
				INFOPLIST_KEY_UISupportedInterfaceOrientations_iPad = "UIInterfaceOrientationPortrait UIInterfaceOrientationPortraitUpsideDown UIInterfaceOrientationLandscapeLeft UIInterfaceOrientationLandscapeRight";
				INFOPLIST_KEY_UISupportedInterfaceOrientations_iPhone = "UIInterfaceOrientationPortrait UIInterfaceOrientationLandscapeLeft UIInterfaceOrientationLandscapeRight";
				LD_RUNPATH_SEARCH_PATHS = (
					"$(inherited)",
					"@executable_path/Frameworks",
				);
				MARKETING_VERSION = 1.0;
				PRODUCT_BUNDLE_IDENTIFIER = com.adriancysvillegas.CoinsApp;
				PRODUCT_NAME = "$(TARGET_NAME)";
				SWIFT_EMIT_LOC_STRINGS = YES;
				SWIFT_VERSION = 5.0;
				TARGETED_DEVICE_FAMILY = "1,2";
			};
			name = Debug;
		};
		09110580277A3ECB001DABC3 /* Release */ = {
			isa = XCBuildConfiguration;
			buildSettings = {
				ASSETCATALOG_COMPILER_APPICON_NAME = AppIcon;
				ASSETCATALOG_COMPILER_GLOBAL_ACCENT_COLOR_NAME = AccentColor;
				CODE_SIGN_STYLE = Automatic;
				CURRENT_PROJECT_VERSION = 1;
				DEVELOPMENT_TEAM = 5WR73Q6863;
				GENERATE_INFOPLIST_FILE = YES;
				INFOPLIST_FILE = CoinsApp/Info.plist;
				INFOPLIST_KEY_UIApplicationSupportsIndirectInputEvents = YES;
				INFOPLIST_KEY_UILaunchStoryboardName = LaunchScreen;
				INFOPLIST_KEY_UIMainStoryboardFile = Main;
				INFOPLIST_KEY_UISupportedInterfaceOrientations_iPad = "UIInterfaceOrientationPortrait UIInterfaceOrientationPortraitUpsideDown UIInterfaceOrientationLandscapeLeft UIInterfaceOrientationLandscapeRight";
				INFOPLIST_KEY_UISupportedInterfaceOrientations_iPhone = "UIInterfaceOrientationPortrait UIInterfaceOrientationLandscapeLeft UIInterfaceOrientationLandscapeRight";
				LD_RUNPATH_SEARCH_PATHS = (
					"$(inherited)",
					"@executable_path/Frameworks",
				);
				MARKETING_VERSION = 1.0;
				PRODUCT_BUNDLE_IDENTIFIER = com.adriancysvillegas.CoinsApp;
				PRODUCT_NAME = "$(TARGET_NAME)";
				SWIFT_EMIT_LOC_STRINGS = YES;
				SWIFT_VERSION = 5.0;
				TARGETED_DEVICE_FAMILY = "1,2";
			};
			name = Release;
		};
		09110582277A3ECB001DABC3 /* Debug */ = {
			isa = XCBuildConfiguration;
			buildSettings = {
				ALWAYS_EMBED_SWIFT_STANDARD_LIBRARIES = YES;
				BUNDLE_LOADER = "$(TEST_HOST)";
				CODE_SIGN_STYLE = Automatic;
				CURRENT_PROJECT_VERSION = 1;
				DEVELOPMENT_TEAM = 5WR73Q6863;
				GENERATE_INFOPLIST_FILE = YES;
				IPHONEOS_DEPLOYMENT_TARGET = 15.0;
				LD_RUNPATH_SEARCH_PATHS = (
					"$(inherited)",
					"@executable_path/Frameworks",
					"@loader_path/Frameworks",
				);
				MARKETING_VERSION = 1.0;
				PRODUCT_BUNDLE_IDENTIFIER = com.adriancysvillegas.CoinsAppTests;
				PRODUCT_NAME = "$(TARGET_NAME)";
				SWIFT_EMIT_LOC_STRINGS = NO;
				SWIFT_VERSION = 5.0;
				TARGETED_DEVICE_FAMILY = "1,2";
				TEST_HOST = "$(BUILT_PRODUCTS_DIR)/CoinsApp.app/CoinsApp";
			};
			name = Debug;
		};
		09110583277A3ECB001DABC3 /* Release */ = {
			isa = XCBuildConfiguration;
			buildSettings = {
				ALWAYS_EMBED_SWIFT_STANDARD_LIBRARIES = YES;
				BUNDLE_LOADER = "$(TEST_HOST)";
				CODE_SIGN_STYLE = Automatic;
				CURRENT_PROJECT_VERSION = 1;
				DEVELOPMENT_TEAM = 5WR73Q6863;
				GENERATE_INFOPLIST_FILE = YES;
				IPHONEOS_DEPLOYMENT_TARGET = 15.0;
				LD_RUNPATH_SEARCH_PATHS = (
					"$(inherited)",
					"@executable_path/Frameworks",
					"@loader_path/Frameworks",
				);
				MARKETING_VERSION = 1.0;
				PRODUCT_BUNDLE_IDENTIFIER = com.adriancysvillegas.CoinsAppTests;
				PRODUCT_NAME = "$(TARGET_NAME)";
				SWIFT_EMIT_LOC_STRINGS = NO;
				SWIFT_VERSION = 5.0;
				TARGETED_DEVICE_FAMILY = "1,2";
				TEST_HOST = "$(BUILT_PRODUCTS_DIR)/CoinsApp.app/CoinsApp";
			};
			name = Release;
		};
		09110585277A3ECB001DABC3 /* Debug */ = {
			isa = XCBuildConfiguration;
			buildSettings = {
				ALWAYS_EMBED_SWIFT_STANDARD_LIBRARIES = YES;
				CODE_SIGN_STYLE = Automatic;
				CURRENT_PROJECT_VERSION = 1;
				DEVELOPMENT_TEAM = 5WR73Q6863;
				GENERATE_INFOPLIST_FILE = YES;
				LD_RUNPATH_SEARCH_PATHS = (
					"$(inherited)",
					"@executable_path/Frameworks",
					"@loader_path/Frameworks",
				);
				MARKETING_VERSION = 1.0;
				PRODUCT_BUNDLE_IDENTIFIER = com.adriancysvillegas.CoinsAppUITests;
				PRODUCT_NAME = "$(TARGET_NAME)";
				SWIFT_EMIT_LOC_STRINGS = NO;
				SWIFT_VERSION = 5.0;
				TARGETED_DEVICE_FAMILY = "1,2";
				TEST_TARGET_NAME = CoinsApp;
			};
			name = Debug;
		};
		09110586277A3ECB001DABC3 /* Release */ = {
			isa = XCBuildConfiguration;
			buildSettings = {
				ALWAYS_EMBED_SWIFT_STANDARD_LIBRARIES = YES;
				CODE_SIGN_STYLE = Automatic;
				CURRENT_PROJECT_VERSION = 1;
				DEVELOPMENT_TEAM = 5WR73Q6863;
				GENERATE_INFOPLIST_FILE = YES;
				LD_RUNPATH_SEARCH_PATHS = (
					"$(inherited)",
					"@executable_path/Frameworks",
					"@loader_path/Frameworks",
				);
				MARKETING_VERSION = 1.0;
				PRODUCT_BUNDLE_IDENTIFIER = com.adriancysvillegas.CoinsAppUITests;
				PRODUCT_NAME = "$(TARGET_NAME)";
				SWIFT_EMIT_LOC_STRINGS = NO;
				SWIFT_VERSION = 5.0;
				TARGETED_DEVICE_FAMILY = "1,2";
				TEST_TARGET_NAME = CoinsApp;
			};
			name = Release;
		};
/* End XCBuildConfiguration section */

/* Begin XCConfigurationList section */
		0911054F277A3EC5001DABC3 /* Build configuration list for PBXProject "CoinsApp" */ = {
			isa = XCConfigurationList;
			buildConfigurations = (
				0911057C277A3ECB001DABC3 /* Debug */,
				0911057D277A3ECB001DABC3 /* Release */,
			);
			defaultConfigurationIsVisible = 0;
			defaultConfigurationName = Release;
		};
		0911057E277A3ECB001DABC3 /* Build configuration list for PBXNativeTarget "CoinsApp" */ = {
			isa = XCConfigurationList;
			buildConfigurations = (
				0911057F277A3ECB001DABC3 /* Debug */,
				09110580277A3ECB001DABC3 /* Release */,
			);
			defaultConfigurationIsVisible = 0;
			defaultConfigurationName = Release;
		};
		09110581277A3ECB001DABC3 /* Build configuration list for PBXNativeTarget "CoinsAppTests" */ = {
			isa = XCConfigurationList;
			buildConfigurations = (
				09110582277A3ECB001DABC3 /* Debug */,
				09110583277A3ECB001DABC3 /* Release */,
			);
			defaultConfigurationIsVisible = 0;
			defaultConfigurationName = Release;
		};
		09110584277A3ECB001DABC3 /* Build configuration list for PBXNativeTarget "CoinsAppUITests" */ = {
			isa = XCConfigurationList;
			buildConfigurations = (
				09110585277A3ECB001DABC3 /* Debug */,
				09110586277A3ECB001DABC3 /* Release */,
			);
			defaultConfigurationIsVisible = 0;
			defaultConfigurationName = Release;
		};
/* End XCConfigurationList section */
	};
	rootObject = 0911054C277A3EC5001DABC3 /* Project object */;
}
